// !$*UTF8*$!
{
	archiveVersion = 1;
	classes = {
	};
	objectVersion = 56;
	objects = {

/* Begin PBXBuildFile section */
		FBEF7BE82A06DBF2003FDC64 /* AppDelegate.swift in Sources */ = {isa = PBXBuildFile; fileRef = FBEF7BE72A06DBF2003FDC64 /* AppDelegate.swift */; };
		FBEF7BEA2A06DBF2003FDC64 /* SceneDelegate.swift in Sources */ = {isa = PBXBuildFile; fileRef = FBEF7BE92A06DBF2003FDC64 /* SceneDelegate.swift */; };
		FBEF7BEC2A06DBF2003FDC64 /* ViewController.swift in Sources */ = {isa = PBXBuildFile; fileRef = FBEF7BEB2A06DBF2003FDC64 /* ViewController.swift */; };
		FBEF7BEF2A06DBF2003FDC64 /* Main.storyboard in Resources */ = {isa = PBXBuildFile; fileRef = FBEF7BED2A06DBF2003FDC64 /* Main.storyboard */; };
		FBEF7BF12A06DBF3003FDC64 /* Assets.xcassets in Resources */ = {isa = PBXBuildFile; fileRef = FBEF7BF02A06DBF3003FDC64 /* Assets.xcassets */; };
		FBEF7BF42A06DBF3003FDC64 /* LaunchScreen.storyboard in Resources */ = {isa = PBXBuildFile; fileRef = FBEF7BF22A06DBF3003FDC64 /* LaunchScreen.storyboard */; };
		FBEF7C022A06E0F1003FDC64 /* Movie.swift in Sources */ = {isa = PBXBuildFile; fileRef = FBEF7C012A06E0F1003FDC64 /* Movie.swift */; };
		FBEF7C042A06E1F3003FDC64 /* ItemTableViewCell.swift in Sources */ = {isa = PBXBuildFile; fileRef = FBEF7C032A06E1F3003FDC64 /* ItemTableViewCell.swift */; };
/* End PBXBuildFile section */

/* Begin PBXFileReference section */
		FBEF7BE42A06DBF2003FDC64 /* Sem6-b-Ricardo.app */ = {isa = PBXFileReference; explicitFileType = wrapper.application; includeInIndex = 0; path = "Sem6-b-Ricardo.app"; sourceTree = BUILT_PRODUCTS_DIR; };
		FBEF7BE72A06DBF2003FDC64 /* AppDelegate.swift */ = {isa = PBXFileReference; lastKnownFileType = sourcecode.swift; path = AppDelegate.swift; sourceTree = "<group>"; };
		FBEF7BE92A06DBF2003FDC64 /* SceneDelegate.swift */ = {isa = PBXFileReference; lastKnownFileType = sourcecode.swift; path = SceneDelegate.swift; sourceTree = "<group>"; };
		FBEF7BEB2A06DBF2003FDC64 /* ViewController.swift */ = {isa = PBXFileReference; lastKnownFileType = sourcecode.swift; path = ViewController.swift; sourceTree = "<group>"; };
		FBEF7BEE2A06DBF2003FDC64 /* Base */ = {isa = PBXFileReference; lastKnownFileType = file.storyboard; name = Base; path = Base.lproj/Main.storyboard; sourceTree = "<group>"; };
		FBEF7BF02A06DBF3003FDC64 /* Assets.xcassets */ = {isa = PBXFileReference; lastKnownFileType = folder.assetcatalog; path = Assets.xcassets; sourceTree = "<group>"; };
		FBEF7BF32A06DBF3003FDC64 /* Base */ = {isa = PBXFileReference; lastKnownFileType = file.storyboard; name = Base; path = Base.lproj/LaunchScreen.storyboard; sourceTree = "<group>"; };
		FBEF7BF52A06DBF3003FDC64 /* Info.plist */ = {isa = PBXFileReference; lastKnownFileType = text.plist.xml; path = Info.plist; sourceTree = "<group>"; };
		FBEF7C012A06E0F1003FDC64 /* Movie.swift */ = {isa = PBXFileReference; lastKnownFileType = sourcecode.swift; path = Movie.swift; sourceTree = "<group>"; };
		FBEF7C032A06E1F3003FDC64 /* ItemTableViewCell.swift */ = {isa = PBXFileReference; lastKnownFileType = sourcecode.swift; path = ItemTableViewCell.swift; sourceTree = "<group>"; };
/* End PBXFileReference section */

/* Begin PBXFrameworksBuildPhase section */
		FBEF7BE12A06DBF2003FDC64 /* Frameworks */ = {
			isa = PBXFrameworksBuildPhase;
			buildActionMask = 2147483647;
			files = (
			);
			runOnlyForDeploymentPostprocessing = 0;
		};
/* End PBXFrameworksBuildPhase section */

/* Begin PBXGroup section */
		FBEF7BDB2A06DBF2003FDC64 = {
			isa = PBXGroup;
			children = (
				FBEF7BE62A06DBF2003FDC64 /* Sem6-b-Ricardo */,
				FBEF7BE52A06DBF2003FDC64 /* Products */,
			);
			sourceTree = "<group>";
		};
		FBEF7BE52A06DBF2003FDC64 /* Products */ = {
			isa = PBXGroup;
			children = (
				FBEF7BE42A06DBF2003FDC64 /* Sem6-b-Ricardo.app */,
			);
			name = Products;
			sourceTree = "<group>";
		};
		FBEF7BE62A06DBF2003FDC64 /* Sem6-b-Ricardo */ = {
			isa = PBXGroup;
			children = (
				FBEF7BE72A06DBF2003FDC64 /* AppDelegate.swift */,
				FBEF7BE92A06DBF2003FDC64 /* SceneDelegate.swift */,
				FBEF7BEB2A06DBF2003FDC64 /* ViewController.swift */,
				FBEF7BED2A06DBF2003FDC64 /* Main.storyboard */,
				FBEF7BF02A06DBF3003FDC64 /* Assets.xcassets */,
				FBEF7BF22A06DBF3003FDC64 /* LaunchScreen.storyboard */,
				FBEF7BF52A06DBF3003FDC64 /* Info.plist */,
				FBEF7C012A06E0F1003FDC64 /* Movie.swift */,
				FBEF7C032A06E1F3003FDC64 /* ItemTableViewCell.swift */,
			);
			path = "Sem6-b-Ricardo";
			sourceTree = "<group>";
		};
/* End PBXGroup section */

/* Begin PBXNativeTarget section */
		FBEF7BE32A06DBF2003FDC64 /* Sem6-b-Ricardo */ = {
			isa = PBXNativeTarget;
			buildConfigurationList = FBEF7BF82A06DBF3003FDC64 /* Build configuration list for PBXNativeTarget "Sem6-b-Ricardo" */;
			buildPhases = (
				FBEF7BE02A06DBF2003FDC64 /* Sources */,
				FBEF7BE12A06DBF2003FDC64 /* Frameworks */,
				FBEF7BE22A06DBF2003FDC64 /* Resources */,
			);
			buildRules = (
			);
			dependencies = (
			);
			name = "Sem6-b-Ricardo";
			productName = "Sem6-b-Ricardo";
			productReference = FBEF7BE42A06DBF2003FDC64 /* Sem6-b-Ricardo.app */;
			productType = "com.apple.product-type.application";
		};
/* End PBXNativeTarget section */

/* Begin PBXProject section */
		FBEF7BDC2A06DBF2003FDC64 /* Project object */ = {
			isa = PBXProject;
			attributes = {
				BuildIndependentTargetsInParallel = 1;
				LastSwiftUpdateCheck = 1430;
				LastUpgradeCheck = 1430;
				TargetAttributes = {
					FBEF7BE32A06DBF2003FDC64 = {
						CreatedOnToolsVersion = 14.3;
					};
				};
			};
			buildConfigurationList = FBEF7BDF2A06DBF2003FDC64 /* Build configuration list for PBXProject "Sem6-b-Ricardo" */;
			compatibilityVersion = "Xcode 14.0";
			developmentRegion = en;
			hasScannedForEncodings = 0;
			knownRegions = (
				en,
				Base,
			);
			mainGroup = FBEF7BDB2A06DBF2003FDC64;
			productRefGroup = FBEF7BE52A06DBF2003FDC64 /* Products */;
			projectDirPath = "";
			projectRoot = "";
			targets = (
				FBEF7BE32A06DBF2003FDC64 /* Sem6-b-Ricardo */,
			);
		};
/* End PBXProject section */

/* Begin PBXResourcesBuildPhase section */
		FBEF7BE22A06DBF2003FDC64 /* Resources */ = {
			isa = PBXResourcesBuildPhase;
			buildActionMask = 2147483647;
			files = (
				FBEF7BF42A06DBF3003FDC64 /* LaunchScreen.storyboard in Resources */,
				FBEF7BF12A06DBF3003FDC64 /* Assets.xcassets in Resources */,
				FBEF7BEF2A06DBF2003FDC64 /* Main.storyboard in Resources */,
			);
			runOnlyForDeploymentPostprocessing = 0;
		};
/* End PBXResourcesBuildPhase section */

/* Begin PBXSourcesBuildPhase section */
		FBEF7BE02A06DBF2003FDC64 /* Sources */ = {
			isa = PBXSourcesBuildPhase;
			buildActionMask = 2147483647;
			files = (
				FBEF7BEC2A06DBF2003FDC64 /* ViewController.swift in Sources */,
				FBEF7BE82A06DBF2003FDC64 /* AppDelegate.swift in Sources */,
				FBEF7C042A06E1F3003FDC64 /* ItemTableViewCell.swift in Sources */,
				FBEF7C022A06E0F1003FDC64 /* Movie.swift in Sources */,
				FBEF7BEA2A06DBF2003FDC64 /* SceneDelegate.swift in Sources */,
			);
			runOnlyForDeploymentPostprocessing = 0;
		};
/* End PBXSourcesBuildPhase section */

/* Begin PBXVariantGroup section */
		FBEF7BED2A06DBF2003FDC64 /* Main.storyboard */ = {
			isa = PBXVariantGroup;
			children = (
				FBEF7BEE2A06DBF2003FDC64 /* Base */,
			);
			name = Main.storyboard;
			sourceTree = "<group>";
		};
		FBEF7BF22A06DBF3003FDC64 /* LaunchScreen.storyboard */ = {
			isa = PBXVariantGroup;
			children = (
				FBEF7BF32A06DBF3003FDC64 /* Base */,
			);
			name = LaunchScreen.storyboard;
			sourceTree = "<group>";
		};
/* End PBXVariantGroup section */

/* Begin XCBuildConfiguration section */
		FBEF7BF62A06DBF3003FDC64 /* Debug */ = {
			isa = XCBuildConfiguration;
			buildSettings = {
				ALWAYS_SEARCH_USER_PATHS = NO;
				CLANG_ANALYZER_NONNULL = YES;
				CLANG_ANALYZER_NUMBER_OBJECT_CONVERSION = YES_AGGRESSIVE;
				CLANG_CXX_LANGUAGE_STANDARD = "gnu++20";
				CLANG_ENABLE_MODULES = YES;
				CLANG_ENABLE_OBJC_ARC = YES;
				CLANG_ENABLE_OBJC_WEAK = YES;
				CLANG_WARN_BLOCK_CAPTURE_AUTORELEASING = YES;
				CLANG_WARN_BOOL_CONVERSION = YES;
				CLANG_WARN_COMMA = YES;
				CLANG_WARN_CONSTANT_CONVERSION = YES;
				CLANG_WARN_DEPRECATED_OBJC_IMPLEMENTATIONS = YES;
				CLANG_WARN_DIRECT_OBJC_ISA_USAGE = YES_ERROR;
				CLANG_WARN_DOCUMENTATION_COMMENTS = YES;
				CLANG_WARN_EMPTY_BODY = YES;
				CLANG_WARN_ENUM_CONVERSION = YES;
				CLANG_WARN_INFINITE_RECURSION = YES;
				CLANG_WARN_INT_CONVERSION = YES;
				CLANG_WARN_NON_LITERAL_NULL_CONVERSION = YES;
				CLANG_WARN_OBJC_IMPLICIT_RETAIN_SELF = YES;
				CLANG_WARN_OBJC_LITERAL_CONVERSION = YES;
				CLANG_WARN_OBJC_ROOT_CLASS = YES_ERROR;
				CLANG_WARN_QUOTED_INCLUDE_IN_FRAMEWORK_HEADER = YES;
				CLANG_WARN_RANGE_LOOP_ANALYSIS = YES;
				CLANG_WARN_STRICT_PROTOTYPES = YES;
				CLANG_WARN_SUSPICIOUS_MOVE = YES;
				CLANG_WARN_UNGUARDED_AVAILABILITY = YES_AGGRESSIVE;
				CLANG_WARN_UNREACHABLE_CODE = YES;
				CLANG_WARN__DUPLICATE_METHOD_MATCH = YES;
				COPY_PHASE_STRIP = NO;
				DEBUG_INFORMATION_FORMAT = dwarf;
				ENABLE_STRICT_OBJC_MSGSEND = YES;
				ENABLE_TESTABILITY = YES;
				GCC_C_LANGUAGE_STANDARD = gnu11;
				GCC_DYNAMIC_NO_PIC = NO;
				GCC_NO_COMMON_BLOCKS = YES;
				GCC_OPTIMIZATION_LEVEL = 0;
				GCC_PREPROCESSOR_DEFINITIONS = (
					"DEBUG=1",
					"$(inherited)",
				);
				GCC_WARN_64_TO_32_BIT_CONVERSION = YES;
				GCC_WARN_ABOUT_RETURN_TYPE = YES_ERROR;
				GCC_WARN_UNDECLARED_SELECTOR = YES;
				GCC_WARN_UNINITIALIZED_AUTOS = YES_AGGRESSIVE;
				GCC_WARN_UNUSED_FUNCTION = YES;
				GCC_WARN_UNUSED_VARIABLE = YES;
				IPHONEOS_DEPLOYMENT_TARGET = 16.4;
				MTL_ENABLE_DEBUG_INFO = INCLUDE_SOURCE;
				MTL_FAST_MATH = YES;
				ONLY_ACTIVE_ARCH = YES;
				SDKROOT = iphoneos;
				SWIFT_ACTIVE_COMPILATION_CONDITIONS = DEBUG;
				SWIFT_OPTIMIZATION_LEVEL = "-Onone";
			};
			name = Debug;
		};
		FBEF7BF72A06DBF3003FDC64 /* Release */ = {
			isa = XCBuildConfiguration;
			buildSettings = {
				ALWAYS_SEARCH_USER_PATHS = NO;
				CLANG_ANALYZER_NONNULL = YES;
				CLANG_ANALYZER_NUMBER_OBJECT_CONVERSION = YES_AGGRESSIVE;
				CLANG_CXX_LANGUAGE_STANDARD = "gnu++20";
				CLANG_ENABLE_MODULES = YES;
				CLANG_ENABLE_OBJC_ARC = YES;
				CLANG_ENABLE_OBJC_WEAK = YES;
				CLANG_WARN_BLOCK_CAPTURE_AUTORELEASING = YES;
				CLANG_WARN_BOOL_CONVERSION = YES;
				CLANG_WARN_COMMA = YES;
				CLANG_WARN_CONSTANT_CONVERSION = YES;
				CLANG_WARN_DEPRECATED_OBJC_IMPLEMENTATIONS = YES;
				CLANG_WARN_DIRECT_OBJC_ISA_USAGE = YES_ERROR;
				CLANG_WARN_DOCUMENTATION_COMMENTS = YES;
				CLANG_WARN_EMPTY_BODY = YES;
				CLANG_WARN_ENUM_CONVERSION = YES;
				CLANG_WARN_INFINITE_RECURSION = YES;
				CLANG_WARN_INT_CONVERSION = YES;
				CLANG_WARN_NON_LITERAL_NULL_CONVERSION = YES;
				CLANG_WARN_OBJC_IMPLICIT_RETAIN_SELF = YES;
				CLANG_WARN_OBJC_LITERAL_CONVERSION = YES;
				CLANG_WARN_OBJC_ROOT_CLASS = YES_ERROR;
				CLANG_WARN_QUOTED_INCLUDE_IN_FRAMEWORK_HEADER = YES;
				CLANG_WARN_RANGE_LOOP_ANALYSIS = YES;
				CLANG_WARN_STRICT_PROTOTYPES = YES;
				CLANG_WARN_SUSPICIOUS_MOVE = YES;
				CLANG_WARN_UNGUARDED_AVAILABILITY = YES_AGGRESSIVE;
				CLANG_WARN_UNREACHABLE_CODE = YES;
				CLANG_WARN__DUPLICATE_METHOD_MATCH = YES;
				COPY_PHASE_STRIP = NO;
				DEBUG_INFORMATION_FORMAT = "dwarf-with-dsym";
				ENABLE_NS_ASSERTIONS = NO;
				ENABLE_STRICT_OBJC_MSGSEND = YES;
				GCC_C_LANGUAGE_STANDARD = gnu11;
				GCC_NO_COMMON_BLOCKS = YES;
				GCC_WARN_64_TO_32_BIT_CONVERSION = YES;
				GCC_WARN_ABOUT_RETURN_TYPE = YES_ERROR;
				GCC_WARN_UNDECLARED_SELECTOR = YES;
				GCC_WARN_UNINITIALIZED_AUTOS = YES_AGGRESSIVE;
				GCC_WARN_UNUSED_FUNCTION = YES;
				GCC_WARN_UNUSED_VARIABLE = YES;
				IPHONEOS_DEPLOYMENT_TARGET = 16.4;
				MTL_ENABLE_DEBUG_INFO = NO;
				MTL_FAST_MATH = YES;
				SDKROOT = iphoneos;
				SWIFT_COMPILATION_MODE = wholemodule;
				SWIFT_OPTIMIZATION_LEVEL = "-O";
				VALIDATE_PRODUCT = YES;
			};
			name = Release;
		};
		FBEF7BF92A06DBF3003FDC64 /* Debug */ = {
			isa = XCBuildConfiguration;
			buildSettings = {
				ASSETCATALOG_COMPILER_APPICON_NAME = AppIcon;
				ASSETCATALOG_COMPILER_GLOBAL_ACCENT_COLOR_NAME = AccentColor;
				CODE_SIGN_STYLE = Automatic;
				CURRENT_PROJECT_VERSION = 1;
				GENERATE_INFOPLIST_FILE = YES;
				INFOPLIST_FILE = "Sem6-b-Ricardo/Info.plist";
				INFOPLIST_KEY_UIApplicationSupportsIndirectInputEvents = YES;
				INFOPLIST_KEY_UILaunchStoryboardName = LaunchScreen;
				INFOPLIST_KEY_UIMainStoryboardFile = Main;
				INFOPLIST_KEY_UISupportedInterfaceOrientations_iPad = "UIInterfaceOrientationPortrait UIInterfaceOrientationPortraitUpsideDown UIInterfaceOrientationLandscapeLeft UIInterfaceOrientationLandscapeRight";
				INFOPLIST_KEY_UISupportedInterfaceOrientations_iPhone = "UIInterfaceOrientationPortrait UIInterfaceOrientationLandscapeLeft UIInterfaceOrientationLandscapeRight";
				LD_RUNPATH_SEARCH_PATHS = (
					"$(inherited)",
					"@executable_path/Frameworks",
				);
				MARKETING_VERSION = 1.0;
				PRODUCT_BUNDLE_IDENTIFIER = "com.tecsup.Sem6-b-Ricardo";
				PRODUCT_NAME = "$(TARGET_NAME)";
				SWIFT_EMIT_LOC_STRINGS = YES;
				SWIFT_VERSION = 5.0;
				TARGETED_DEVICE_FAMILY = "1,2";
			};
			name = Debug;
		};
		FBEF7BFA2A06DBF3003FDC64 /* Release */ = {
			isa = XCBuildConfiguration;
			buildSettings = {
				ASSETCATALOG_COMPILER_APPICON_NAME = AppIcon;
				ASSETCATALOG_COMPILER_GLOBAL_ACCENT_COLOR_NAME = AccentColor;
				CODE_SIGN_STYLE = Automatic;
				CURRENT_PROJECT_VERSION = 1;
				GENERATE_INFOPLIST_FILE = YES;
				INFOPLIST_FILE = "Sem6-b-Ricardo/Info.plist";
				INFOPLIST_KEY_UIApplicationSupportsIndirectInputEvents = YES;
				INFOPLIST_KEY_UILaunchStoryboardName = LaunchScreen;
				INFOPLIST_KEY_UIMainStoryboardFile = Main;
				INFOPLIST_KEY_UISupportedInterfaceOrientations_iPad = "UIInterfaceOrientationPortrait UIInterfaceOrientationPortraitUpsideDown UIInterfaceOrientationLandscapeLeft UIInterfaceOrientationLandscapeRight";
				INFOPLIST_KEY_UISupportedInterfaceOrientations_iPhone = "UIInterfaceOrientationPortrait UIInterfaceOrientationLandscapeLeft UIInterfaceOrientationLandscapeRight";
				LD_RUNPATH_SEARCH_PATHS = (
					"$(inherited)",
					"@executable_path/Frameworks",
				);
				MARKETING_VERSION = 1.0;
				PRODUCT_BUNDLE_IDENTIFIER = "com.tecsup.Sem6-b-Ricardo";
				PRODUCT_NAME = "$(TARGET_NAME)";
				SWIFT_EMIT_LOC_STRINGS = YES;
				SWIFT_VERSION = 5.0;
				TARGETED_DEVICE_FAMILY = "1,2";
			};
			name = Release;
		};
/* End XCBuildConfiguration section */

/* Begin XCConfigurationList section */
		FBEF7BDF2A06DBF2003FDC64 /* Build configuration list for PBXProject "Sem6-b-Ricardo" */ = {
			isa = XCConfigurationList;
			buildConfigurations = (
				FBEF7BF62A06DBF3003FDC64 /* Debug */,
				FBEF7BF72A06DBF3003FDC64 /* Release */,
			);
			defaultConfigurationIsVisible = 0;
			defaultConfigurationName = Release;
		};
		FBEF7BF82A06DBF3003FDC64 /* Build configuration list for PBXNativeTarget "Sem6-b-Ricardo" */ = {
			isa = XCConfigurationList;
			buildConfigurations = (
				FBEF7BF92A06DBF3003FDC64 /* Debug */,
				FBEF7BFA2A06DBF3003FDC64 /* Release */,
			);
			defaultConfigurationIsVisible = 0;
			defaultConfigurationName = Release;
		};
/* End XCConfigurationList section */
	};
	rootObject = FBEF7BDC2A06DBF2003FDC64 /* Project object */;
}
